// !$*UTF8*$!
{
	archiveVersion = 1;
	classes = {
	};
	objectVersion = 46;
	objects = {

/* Begin PBXBuildFile section */
		77A397E11D5A3AE700BC1A1E /* AppDelegate.swift in Sources */ = {isa = PBXBuildFile; fileRef = 77A397E01D5A3AE700BC1A1E /* AppDelegate.swift */; };
		77A397E61D5A3AE700BC1A1E /* Main.storyboard in Resources */ = {isa = PBXBuildFile; fileRef = 77A397E41D5A3AE700BC1A1E /* Main.storyboard */; };
		77A397E81D5A3AE700BC1A1E /* Assets.xcassets in Resources */ = {isa = PBXBuildFile; fileRef = 77A397E71D5A3AE700BC1A1E /* Assets.xcassets */; };
		77A397EB1D5A3AE700BC1A1E /* LaunchScreen.storyboard in Resources */ = {isa = PBXBuildFile; fileRef = 77A397E91D5A3AE700BC1A1E /* LaunchScreen.storyboard */; };
		77A397F61D5A3AE700BC1A1E /* MemeMe_V2_0Tests.swift in Sources */ = {isa = PBXBuildFile; fileRef = 77A397F51D5A3AE700BC1A1E /* MemeMe_V2_0Tests.swift */; };
		77A398011D5A3AE700BC1A1E /* MemeMe_V2_0UITests.swift in Sources */ = {isa = PBXBuildFile; fileRef = 77A398001D5A3AE700BC1A1E /* MemeMe_V2_0UITests.swift */; };
		77A3980F1D5A3BB000BC1A1E /* MemeCreatorVC.swift in Sources */ = {isa = PBXBuildFile; fileRef = 77A3980E1D5A3BB000BC1A1E /* MemeCreatorVC.swift */; };
		77A398111D5A3C1200BC1A1E /* MemeObject.swift in Sources */ = {isa = PBXBuildFile; fileRef = 77A398101D5A3C1200BC1A1E /* MemeObject.swift */; };
		77A398131D5A3CA400BC1A1E /* MemeTableViewController.swift in Sources */ = {isa = PBXBuildFile; fileRef = 77A398121D5A3CA400BC1A1E /* MemeTableViewController.swift */; };
		77A398151D5A3D0F00BC1A1E /* MemeCollectionViewController.swift in Sources */ = {isa = PBXBuildFile; fileRef = 77A398141D5A3D0F00BC1A1E /* MemeCollectionViewController.swift */; };
		77A398171D5A3D5200BC1A1E /* MemeCollectionViewCell.swift in Sources */ = {isa = PBXBuildFile; fileRef = 77A398161D5A3D5200BC1A1E /* MemeCollectionViewCell.swift */; };
		77A398191D5A3DBE00BC1A1E /* MemeDetailViewController.swift in Sources */ = {isa = PBXBuildFile; fileRef = 77A398181D5A3DBE00BC1A1E /* MemeDetailViewController.swift */; };
/* End PBXBuildFile section */

/* Begin PBXContainerItemProxy section */
		77A397F21D5A3AE700BC1A1E /* PBXContainerItemProxy */ = {
			isa = PBXContainerItemProxy;
			containerPortal = 77A397D51D5A3AE700BC1A1E /* Project object */;
			proxyType = 1;
			remoteGlobalIDString = 77A397DC1D5A3AE700BC1A1E;
			remoteInfo = MemeMe_V2.0;
		};
		77A397FD1D5A3AE700BC1A1E /* PBXContainerItemProxy */ = {
			isa = PBXContainerItemProxy;
			containerPortal = 77A397D51D5A3AE700BC1A1E /* Project object */;
			proxyType = 1;
			remoteGlobalIDString = 77A397DC1D5A3AE700BC1A1E;
			remoteInfo = MemeMe_V2.0;
		};
/* End PBXContainerItemProxy section */

/* Begin PBXFileReference section */
		77A397DD1D5A3AE700BC1A1E /* MemeMe_V2.0.app */ = {isa = PBXFileReference; explicitFileType = wrapper.application; includeInIndex = 0; path = MemeMe_V2.0.app; sourceTree = BUILT_PRODUCTS_DIR; };
		77A397E01D5A3AE700BC1A1E /* AppDelegate.swift */ = {isa = PBXFileReference; lastKnownFileType = sourcecode.swift; path = AppDelegate.swift; sourceTree = "<group>"; };
		77A397E51D5A3AE700BC1A1E /* Base */ = {isa = PBXFileReference; lastKnownFileType = file.storyboard; name = Base; path = Base.lproj/Main.storyboard; sourceTree = "<group>"; };
		77A397E71D5A3AE700BC1A1E /* Assets.xcassets */ = {isa = PBXFileReference; lastKnownFileType = folder.assetcatalog; path = Assets.xcassets; sourceTree = "<group>"; };
		77A397EA1D5A3AE700BC1A1E /* Base */ = {isa = PBXFileReference; lastKnownFileType = file.storyboard; name = Base; path = Base.lproj/LaunchScreen.storyboard; sourceTree = "<group>"; };
		77A397EC1D5A3AE700BC1A1E /* Info.plist */ = {isa = PBXFileReference; lastKnownFileType = text.plist.xml; path = Info.plist; sourceTree = "<group>"; };
		77A397F11D5A3AE700BC1A1E /* MemeMe_V2.0Tests.xctest */ = {isa = PBXFileReference; explicitFileType = wrapper.cfbundle; includeInIndex = 0; path = MemeMe_V2.0Tests.xctest; sourceTree = BUILT_PRODUCTS_DIR; };
		77A397F51D5A3AE700BC1A1E /* MemeMe_V2_0Tests.swift */ = {isa = PBXFileReference; lastKnownFileType = sourcecode.swift; path = MemeMe_V2_0Tests.swift; sourceTree = "<group>"; };
		77A397F71D5A3AE700BC1A1E /* Info.plist */ = {isa = PBXFileReference; lastKnownFileType = text.plist.xml; path = Info.plist; sourceTree = "<group>"; };
		77A397FC1D5A3AE700BC1A1E /* MemeMe_V2.0UITests.xctest */ = {isa = PBXFileReference; explicitFileType = wrapper.cfbundle; includeInIndex = 0; path = MemeMe_V2.0UITests.xctest; sourceTree = BUILT_PRODUCTS_DIR; };
		77A398001D5A3AE700BC1A1E /* MemeMe_V2_0UITests.swift */ = {isa = PBXFileReference; lastKnownFileType = sourcecode.swift; path = MemeMe_V2_0UITests.swift; sourceTree = "<group>"; };
		77A398021D5A3AE700BC1A1E /* Info.plist */ = {isa = PBXFileReference; lastKnownFileType = text.plist.xml; path = Info.plist; sourceTree = "<group>"; };
		77A3980E1D5A3BB000BC1A1E /* MemeCreatorVC.swift */ = {isa = PBXFileReference; fileEncoding = 4; lastKnownFileType = sourcecode.swift; path = MemeCreatorVC.swift; sourceTree = "<group>"; };
		77A398101D5A3C1200BC1A1E /* MemeObject.swift */ = {isa = PBXFileReference; fileEncoding = 4; lastKnownFileType = sourcecode.swift; path = MemeObject.swift; sourceTree = "<group>"; };
		77A398121D5A3CA400BC1A1E /* MemeTableViewController.swift */ = {isa = PBXFileReference; fileEncoding = 4; lastKnownFileType = sourcecode.swift; path = MemeTableViewController.swift; sourceTree = "<group>"; };
		77A398141D5A3D0F00BC1A1E /* MemeCollectionViewController.swift */ = {isa = PBXFileReference; fileEncoding = 4; lastKnownFileType = sourcecode.swift; path = MemeCollectionViewController.swift; sourceTree = "<group>"; };
		77A398161D5A3D5200BC1A1E /* MemeCollectionViewCell.swift */ = {isa = PBXFileReference; fileEncoding = 4; lastKnownFileType = sourcecode.swift; path = MemeCollectionViewCell.swift; sourceTree = "<group>"; };
		77A398181D5A3DBE00BC1A1E /* MemeDetailViewController.swift */ = {isa = PBXFileReference; fileEncoding = 4; lastKnownFileType = sourcecode.swift; path = MemeDetailViewController.swift; sourceTree = "<group>"; };
/* End PBXFileReference section */

/* Begin PBXFrameworksBuildPhase section */
		77A397DA1D5A3AE700BC1A1E /* Frameworks */ = {
			isa = PBXFrameworksBuildPhase;
			buildActionMask = 2147483647;
			files = (
			);
			runOnlyForDeploymentPostprocessing = 0;
		};
		77A397EE1D5A3AE700BC1A1E /* Frameworks */ = {
			isa = PBXFrameworksBuildPhase;
			buildActionMask = 2147483647;
			files = (
			);
			runOnlyForDeploymentPostprocessing = 0;
		};
		77A397F91D5A3AE700BC1A1E /* Frameworks */ = {
			isa = PBXFrameworksBuildPhase;
			buildActionMask = 2147483647;
			files = (
			);
			runOnlyForDeploymentPostprocessing = 0;
		};
/* End PBXFrameworksBuildPhase section */

/* Begin PBXGroup section */
		77A397D41D5A3AE700BC1A1E = {
			isa = PBXGroup;
			children = (
				77A397DF1D5A3AE700BC1A1E /* MemeMe_V2.0 */,
				77A397F41D5A3AE700BC1A1E /* MemeMe_V2.0Tests */,
				77A397FF1D5A3AE700BC1A1E /* MemeMe_V2.0UITests */,
				77A397DE1D5A3AE700BC1A1E /* Products */,
			);
			sourceTree = "<group>";
		};
		77A397DE1D5A3AE700BC1A1E /* Products */ = {
			isa = PBXGroup;
			children = (
				77A397DD1D5A3AE700BC1A1E /* MemeMe_V2.0.app */,
				77A397F11D5A3AE700BC1A1E /* MemeMe_V2.0Tests.xctest */,
				77A397FC1D5A3AE700BC1A1E /* MemeMe_V2.0UITests.xctest */,
			);
			name = Products;
			sourceTree = "<group>";
		};
		77A397DF1D5A3AE700BC1A1E /* MemeMe_V2.0 */ = {
			isa = PBXGroup;
			children = (
				77A397E01D5A3AE700BC1A1E /* AppDelegate.swift */,
				77A398101D5A3C1200BC1A1E /* MemeObject.swift */,
				77A3980E1D5A3BB000BC1A1E /* MemeCreatorVC.swift */,
				77A398121D5A3CA400BC1A1E /* MemeTableViewController.swift */,
				77A398141D5A3D0F00BC1A1E /* MemeCollectionViewController.swift */,
				77A398161D5A3D5200BC1A1E /* MemeCollectionViewCell.swift */,
				77A398181D5A3DBE00BC1A1E /* MemeDetailViewController.swift */,
				77A397E71D5A3AE700BC1A1E /* Assets.xcassets */,
				77A397E41D5A3AE700BC1A1E /* Main.storyboard */,
				77A397E91D5A3AE700BC1A1E /* LaunchScreen.storyboard */,
				77A397EC1D5A3AE700BC1A1E /* Info.plist */,
			);
			path = MemeMe_V2.0;
			sourceTree = "<group>";
		};
		77A397F41D5A3AE700BC1A1E /* MemeMe_V2.0Tests */ = {
			isa = PBXGroup;
			children = (
				77A397F51D5A3AE700BC1A1E /* MemeMe_V2_0Tests.swift */,
				77A397F71D5A3AE700BC1A1E /* Info.plist */,
			);
			path = MemeMe_V2.0Tests;
			sourceTree = "<group>";
		};
		77A397FF1D5A3AE700BC1A1E /* MemeMe_V2.0UITests */ = {
			isa = PBXGroup;
			children = (
				77A398001D5A3AE700BC1A1E /* MemeMe_V2_0UITests.swift */,
				77A398021D5A3AE700BC1A1E /* Info.plist */,
			);
			path = MemeMe_V2.0UITests;
			sourceTree = "<group>";
		};
/* End PBXGroup section */

/* Begin PBXNativeTarget section */
		77A397DC1D5A3AE700BC1A1E /* MemeMe_V2.0 */ = {
			isa = PBXNativeTarget;
			buildConfigurationList = 77A398051D5A3AE700BC1A1E /* Build configuration list for PBXNativeTarget "MemeMe_V2.0" */;
			buildPhases = (
				77A397D91D5A3AE700BC1A1E /* Sources */,
				77A397DA1D5A3AE700BC1A1E /* Frameworks */,
				77A397DB1D5A3AE700BC1A1E /* Resources */,
			);
			buildRules = (
			);
			dependencies = (
			);
			name = MemeMe_V2.0;
			productName = MemeMe_V2.0;
			productReference = 77A397DD1D5A3AE700BC1A1E /* MemeMe_V2.0.app */;
			productType = "com.apple.product-type.application";
		};
		77A397F01D5A3AE700BC1A1E /* MemeMe_V2.0Tests */ = {
			isa = PBXNativeTarget;
			buildConfigurationList = 77A398081D5A3AE700BC1A1E /* Build configuration list for PBXNativeTarget "MemeMe_V2.0Tests" */;
			buildPhases = (
				77A397ED1D5A3AE700BC1A1E /* Sources */,
				77A397EE1D5A3AE700BC1A1E /* Frameworks */,
				77A397EF1D5A3AE700BC1A1E /* Resources */,
			);
			buildRules = (
			);
			dependencies = (
				77A397F31D5A3AE700BC1A1E /* PBXTargetDependency */,
			);
			name = MemeMe_V2.0Tests;
			productName = MemeMe_V2.0Tests;
			productReference = 77A397F11D5A3AE700BC1A1E /* MemeMe_V2.0Tests.xctest */;
			productType = "com.apple.product-type.bundle.unit-test";
		};
		77A397FB1D5A3AE700BC1A1E /* MemeMe_V2.0UITests */ = {
			isa = PBXNativeTarget;
			buildConfigurationList = 77A3980B1D5A3AE700BC1A1E /* Build configuration list for PBXNativeTarget "MemeMe_V2.0UITests" */;
			buildPhases = (
				77A397F81D5A3AE700BC1A1E /* Sources */,
				77A397F91D5A3AE700BC1A1E /* Frameworks */,
				77A397FA1D5A3AE700BC1A1E /* Resources */,
			);
			buildRules = (
			);
			dependencies = (
				77A397FE1D5A3AE700BC1A1E /* PBXTargetDependency */,
			);
			name = MemeMe_V2.0UITests;
			productName = MemeMe_V2.0UITests;
			productReference = 77A397FC1D5A3AE700BC1A1E /* MemeMe_V2.0UITests.xctest */;
			productType = "com.apple.product-type.bundle.ui-testing";
		};
/* End PBXNativeTarget section */

/* Begin PBXProject section */
		77A397D51D5A3AE700BC1A1E /* Project object */ = {
			isa = PBXProject;
			attributes = {
				LastSwiftUpdateCheck = 0730;
				LastUpgradeCheck = 0730;
				ORGANIZATIONNAME = "Chad Renner";
				TargetAttributes = {
					77A397DC1D5A3AE700BC1A1E = {
						CreatedOnToolsVersion = 7.3.1;
					};
					77A397F01D5A3AE700BC1A1E = {
						CreatedOnToolsVersion = 7.3.1;
						TestTargetID = 77A397DC1D5A3AE700BC1A1E;
					};
					77A397FB1D5A3AE700BC1A1E = {
						CreatedOnToolsVersion = 7.3.1;
						TestTargetID = 77A397DC1D5A3AE700BC1A1E;
					};
				};
			};
			buildConfigurationList = 77A397D81D5A3AE700BC1A1E /* Build configuration list for PBXProject "MemeMe_V2.0" */;
			compatibilityVersion = "Xcode 3.2";
			developmentRegion = English;
			hasScannedForEncodings = 0;
			knownRegions = (
				en,
				Base,
			);
			mainGroup = 77A397D41D5A3AE700BC1A1E;
			productRefGroup = 77A397DE1D5A3AE700BC1A1E /* Products */;
			projectDirPath = "";
			projectRoot = "";
			targets = (
				77A397DC1D5A3AE700BC1A1E /* MemeMe_V2.0 */,
				77A397F01D5A3AE700BC1A1E /* MemeMe_V2.0Tests */,
				77A397FB1D5A3AE700BC1A1E /* MemeMe_V2.0UITests */,
			);
		};
/* End PBXProject section */

/* Begin PBXResourcesBuildPhase section */
		77A397DB1D5A3AE700BC1A1E /* Resources */ = {
			isa = PBXResourcesBuildPhase;
			buildActionMask = 2147483647;
			files = (
				77A397EB1D5A3AE700BC1A1E /* LaunchScreen.storyboard in Resources */,
				77A397E81D5A3AE700BC1A1E /* Assets.xcassets in Resources */,
				77A397E61D5A3AE700BC1A1E /* Main.storyboard in Resources */,
			);
			runOnlyForDeploymentPostprocessing = 0;
		};
		77A397EF1D5A3AE700BC1A1E /* Resources */ = {
			isa = PBXResourcesBuildPhase;
			buildActionMask = 2147483647;
			files = (
			);
			runOnlyForDeploymentPostprocessing = 0;
		};
		77A397FA1D5A3AE700BC1A1E /* Resources */ = {
			isa = PBXResourcesBuildPhase;
			buildActionMask = 2147483647;
			files = (
			);
			runOnlyForDeploymentPostprocessing = 0;
		};
/* End PBXResourcesBuildPhase section */

/* Begin PBXSourcesBuildPhase section */
		77A397D91D5A3AE700BC1A1E /* Sources */ = {
			isa = PBXSourcesBuildPhase;
			buildActionMask = 2147483647;
			files = (
				77A398171D5A3D5200BC1A1E /* MemeCollectionViewCell.swift in Sources */,
				77A398111D5A3C1200BC1A1E /* MemeObject.swift in Sources */,
				77A397E11D5A3AE700BC1A1E /* AppDelegate.swift in Sources */,
				77A398151D5A3D0F00BC1A1E /* MemeCollectionViewController.swift in Sources */,
				77A398191D5A3DBE00BC1A1E /* MemeDetailViewController.swift in Sources */,
				77A3980F1D5A3BB000BC1A1E /* MemeCreatorVC.swift in Sources */,
				77A398131D5A3CA400BC1A1E /* MemeTableViewController.swift in Sources */,
			);
			runOnlyForDeploymentPostprocessing = 0;
		};
		77A397ED1D5A3AE700BC1A1E /* Sources */ = {
			isa = PBXSourcesBuildPhase;
			buildActionMask = 2147483647;
			files = (
				77A397F61D5A3AE700BC1A1E /* MemeMe_V2_0Tests.swift in Sources */,
			);
			runOnlyForDeploymentPostprocessing = 0;
		};
		77A397F81D5A3AE700BC1A1E /* Sources */ = {
			isa = PBXSourcesBuildPhase;
			buildActionMask = 2147483647;
			files = (
				77A398011D5A3AE700BC1A1E /* MemeMe_V2_0UITests.swift in Sources */,
			);
			runOnlyForDeploymentPostprocessing = 0;
		};
/* End PBXSourcesBuildPhase section */

/* Begin PBXTargetDependency section */
		77A397F31D5A3AE700BC1A1E /* PBXTargetDependency */ = {
			isa = PBXTargetDependency;
			target = 77A397DC1D5A3AE700BC1A1E /* MemeMe_V2.0 */;
			targetProxy = 77A397F21D5A3AE700BC1A1E /* PBXContainerItemProxy */;
		};
		77A397FE1D5A3AE700BC1A1E /* PBXTargetDependency */ = {
			isa = PBXTargetDependency;
			target = 77A397DC1D5A3AE700BC1A1E /* MemeMe_V2.0 */;
			targetProxy = 77A397FD1D5A3AE700BC1A1E /* PBXContainerItemProxy */;
		};
/* End PBXTargetDependency section */

/* Begin PBXVariantGroup section */
		77A397E41D5A3AE700BC1A1E /* Main.storyboard */ = {
			isa = PBXVariantGroup;
			children = (
				77A397E51D5A3AE700BC1A1E /* Base */,
			);
			name = Main.storyboard;
			sourceTree = "<group>";
		};
		77A397E91D5A3AE700BC1A1E /* LaunchScreen.storyboard */ = {
			isa = PBXVariantGroup;
			children = (
				77A397EA1D5A3AE700BC1A1E /* Base */,
			);
			name = LaunchScreen.storyboard;
			sourceTree = "<group>";
		};
/* End PBXVariantGroup section */

/* Begin XCBuildConfiguration section */
		77A398031D5A3AE700BC1A1E /* Debug */ = {
			isa = XCBuildConfiguration;
			buildSettings = {
				ALWAYS_SEARCH_USER_PATHS = NO;
				CLANG_ANALYZER_NONNULL = YES;
				CLANG_CXX_LANGUAGE_STANDARD = "gnu++0x";
				CLANG_CXX_LIBRARY = "libc++";
				CLANG_ENABLE_MODULES = YES;
				CLANG_ENABLE_OBJC_ARC = YES;
				CLANG_WARN_BOOL_CONVERSION = YES;
				CLANG_WARN_CONSTANT_CONVERSION = YES;
				CLANG_WARN_DIRECT_OBJC_ISA_USAGE = YES_ERROR;
				CLANG_WARN_EMPTY_BODY = YES;
				CLANG_WARN_ENUM_CONVERSION = YES;
				CLANG_WARN_INT_CONVERSION = YES;
				CLANG_WARN_OBJC_ROOT_CLASS = YES_ERROR;
				CLANG_WARN_UNREACHABLE_CODE = YES;
				CLANG_WARN__DUPLICATE_METHOD_MATCH = YES;
				"CODE_SIGN_IDENTITY[sdk=iphoneos*]" = "iPhone Developer";
				COPY_PHASE_STRIP = NO;
				DEBUG_INFORMATION_FORMAT = dwarf;
				ENABLE_STRICT_OBJC_MSGSEND = YES;
				ENABLE_TESTABILITY = YES;
				GCC_C_LANGUAGE_STANDARD = gnu99;
				GCC_DYNAMIC_NO_PIC = NO;
				GCC_NO_COMMON_BLOCKS = YES;
				GCC_OPTIMIZATION_LEVEL = 0;
				GCC_PREPROCESSOR_DEFINITIONS = (
					"DEBUG=1",
					"$(inherited)",
				);
				GCC_WARN_64_TO_32_BIT_CONVERSION = YES;
				GCC_WARN_ABOUT_RETURN_TYPE = YES_ERROR;
				GCC_WARN_UNDECLARED_SELECTOR = YES;
				GCC_WARN_UNINITIALIZED_AUTOS = YES_AGGRESSIVE;
				GCC_WARN_UNUSED_FUNCTION = YES;
				GCC_WARN_UNUSED_VARIABLE = YES;
				IPHONEOS_DEPLOYMENT_TARGET = 9.3;
				MTL_ENABLE_DEBUG_INFO = YES;
				ONLY_ACTIVE_ARCH = YES;
				SDKROOT = iphoneos;
				SWIFT_OPTIMIZATION_LEVEL = "-Onone";
			};
			name = Debug;
		};
		77A398041D5A3AE700BC1A1E /* Release */ = {
			isa = XCBuildConfiguration;
			buildSettings = {
				ALWAYS_SEARCH_USER_PATHS = NO;
				CLANG_ANALYZER_NONNULL = YES;
				CLANG_CXX_LANGUAGE_STANDARD = "gnu++0x";
				CLANG_CXX_LIBRARY = "libc++";
				CLANG_ENABLE_MODULES = YES;
				CLANG_ENABLE_OBJC_ARC = YES;
				CLANG_WARN_BOOL_CONVERSION = YES;
				CLANG_WARN_CONSTANT_CONVERSION = YES;
				CLANG_WARN_DIRECT_OBJC_ISA_USAGE = YES_ERROR;
				CLANG_WARN_EMPTY_BODY = YES;
				CLANG_WARN_ENUM_CONVERSION = YES;
				CLANG_WARN_INT_CONVERSION = YES;
				CLANG_WARN_OBJC_ROOT_CLASS = YES_ERROR;
				CLANG_WARN_UNREACHABLE_CODE = YES;
				CLANG_WARN__DUPLICATE_METHOD_MATCH = YES;
				"CODE_SIGN_IDENTITY[sdk=iphoneos*]" = "iPhone Developer";
				COPY_PHASE_STRIP = NO;
				DEBUG_INFORMATION_FORMAT = "dwarf-with-dsym";
				ENABLE_NS_ASSERTIONS = NO;
				ENABLE_STRICT_OBJC_MSGSEND = YES;
				GCC_C_LANGUAGE_STANDARD = gnu99;
				GCC_NO_COMMON_BLOCKS = YES;
				GCC_WARN_64_TO_32_BIT_CONVERSION = YES;
				GCC_WARN_ABOUT_RETURN_TYPE = YES_ERROR;
				GCC_WARN_UNDECLARED_SELECTOR = YES;
				GCC_WARN_UNINITIALIZED_AUTOS = YES_AGGRESSIVE;
				GCC_WARN_UNUSED_FUNCTION = YES;
				GCC_WARN_UNUSED_VARIABLE = YES;
				IPHONEOS_DEPLOYMENT_TARGET = 9.3;
				MTL_ENABLE_DEBUG_INFO = NO;
				SDKROOT = iphoneos;
				VALIDATE_PRODUCT = YES;
			};
			name = Release;
		};
		77A398061D5A3AE700BC1A1E /* Debug */ = {
			isa = XCBuildConfiguration;
			buildSettings = {
				ASSETCATALOG_COMPILER_APPICON_NAME = AppIcon;
				INFOPLIST_FILE = MemeMe_V2.0/Info.plist;
				LD_RUNPATH_SEARCH_PATHS = "$(inherited) @executable_path/Frameworks";
				PRODUCT_BUNDLE_IDENTIFIER = "com.CR.MemeMe-V2-0";
				PRODUCT_NAME = "$(TARGET_NAME)";
			};
			name = Debug;
		};
		77A398071D5A3AE700BC1A1E /* Release */ = {
			isa = XCBuildConfiguration;
			buildSettings = {
				ASSETCATALOG_COMPILER_APPICON_NAME = AppIcon;
				INFOPLIST_FILE = MemeMe_V2.0/Info.plist;
				LD_RUNPATH_SEARCH_PATHS = "$(inherited) @executable_path/Frameworks";
				PRODUCT_BUNDLE_IDENTIFIER = "com.CR.MemeMe-V2-0";
				PRODUCT_NAME = "$(TARGET_NAME)";
			};
			name = Release;
		};
		77A398091D5A3AE700BC1A1E /* Debug */ = {
			isa = XCBuildConfiguration;
			buildSettings = {
				BUNDLE_LOADER = "$(TEST_HOST)";
				INFOPLIST_FILE = MemeMe_V2.0Tests/Info.plist;
				LD_RUNPATH_SEARCH_PATHS = "$(inherited) @executable_path/Frameworks @loader_path/Frameworks";
				PRODUCT_BUNDLE_IDENTIFIER = "com.CR.MemeMe-V2-0Tests";
				PRODUCT_NAME = "$(TARGET_NAME)";
				TEST_HOST = "$(BUILT_PRODUCTS_DIR)/MemeMe_V2.0.app/MemeMe_V2.0";
			};
			name = Debug;
		};
		77A3980A1D5A3AE700BC1A1E /* Release */ = {
			isa = XCBuildConfiguration;
			buildSettings = {
				BUNDLE_LOADER = "$(TEST_HOST)";
				INFOPLIST_FILE = MemeMe_V2.0Tests/Info.plist;
				LD_RUNPATH_SEARCH_PATHS = "$(inherited) @executable_path/Frameworks @loader_path/Frameworks";
				PRODUCT_BUNDLE_IDENTIFIER = "com.CR.MemeMe-V2-0Tests";
				PRODUCT_NAME = "$(TARGET_NAME)";
				TEST_HOST = "$(BUILT_PRODUCTS_DIR)/MemeMe_V2.0.app/MemeMe_V2.0";
			};
			name = Release;
		};
		77A3980C1D5A3AE700BC1A1E /* Debug */ = {
			isa = XCBuildConfiguration;
			buildSettings = {
				INFOPLIST_FILE = MemeMe_V2.0UITests/Info.plist;
				LD_RUNPATH_SEARCH_PATHS = "$(inherited) @executable_path/Frameworks @loader_path/Frameworks";
				PRODUCT_BUNDLE_IDENTIFIER = "com.CR.MemeMe-V2-0UITests";
				PRODUCT_NAME = "$(TARGET_NAME)";
				TEST_TARGET_NAME = MemeMe_V2.0;
			};
			name = Debug;
		};
		77A3980D1D5A3AE700BC1A1E /* Release */ = {
			isa = XCBuildConfiguration;
			buildSettings = {
				INFOPLIST_FILE = MemeMe_V2.0UITests/Info.plist;
				LD_RUNPATH_SEARCH_PATHS = "$(inherited) @executable_path/Frameworks @loader_path/Frameworks";
				PRODUCT_BUNDLE_IDENTIFIER = "com.CR.MemeMe-V2-0UITests";
				PRODUCT_NAME = "$(TARGET_NAME)";
				TEST_TARGET_NAME = MemeMe_V2.0;
			};
			name = Release;
		};
/* End XCBuildConfiguration section */

/* Begin XCConfigurationList section */
		77A397D81D5A3AE700BC1A1E /* Build configuration list for PBXProject "MemeMe_V2.0" */ = {
			isa = XCConfigurationList;
			buildConfigurations = (
				77A398031D5A3AE700BC1A1E /* Debug */,
				77A398041D5A3AE700BC1A1E /* Release */,
			);
			defaultConfigurationIsVisible = 0;
			defaultConfigurationName = Release;
		};
		77A398051D5A3AE700BC1A1E /* Build configuration list for PBXNativeTarget "MemeMe_V2.0" */ = {
			isa = XCConfigurationList;
			buildConfigurations = (
				77A398061D5A3AE700BC1A1E /* Debug */,
				77A398071D5A3AE700BC1A1E /* Release */,
			);
			defaultConfigurationIsVisible = 0;
		};
		77A398081D5A3AE700BC1A1E /* Build configuration list for PBXNativeTarget "MemeMe_V2.0Tests" */ = {
			isa = XCConfigurationList;
			buildConfigurations = (
				77A398091D5A3AE700BC1A1E /* Debug */,
				77A3980A1D5A3AE700BC1A1E /* Release */,
			);
			defaultConfigurationIsVisible = 0;
		};
		77A3980B1D5A3AE700BC1A1E /* Build configuration list for PBXNativeTarget "MemeMe_V2.0UITests" */ = {
			isa = XCConfigurationList;
			buildConfigurations = (
				77A3980C1D5A3AE700BC1A1E /* Debug */,
				77A3980D1D5A3AE700BC1A1E /* Release */,
			);
			defaultConfigurationIsVisible = 0;
		};
/* End XCConfigurationList section */
	};
	rootObject = 77A397D51D5A3AE700BC1A1E /* Project object */;
}
